<?xml version="1.0" encoding="utf-8"?>
<Project ToolsVersion="4.0" xmlns="http://schemas.microsoft.com/developer/msbuild/2003">
  <ItemGroup>
    <Filter Include="source">
      <UniqueIdentifier>{a7523e31-7504-4b9f-a94f-b225d8689890}</UniqueIdentifier>
      <Extensions>cpp;c;cxx;def;odl;idl;hpj;bat;asm</Extensions>
    </Filter>
    <Filter Include="include">
      <UniqueIdentifier>{c38ce9d9-0688-4a70-8d5d-57c755e83ed9}</UniqueIdentifier>
      <Extensions>h;hpp;hxx;hm;inl;inc</Extensions>
    </Filter>
    <Filter Include="resource">
      <UniqueIdentifier>{58185fc7-d27d-4a7d-b1ea-c8f8b45eeb97}</UniqueIdentifier>
      <Extensions>rc;ico;cur;bmp;dlg;rc2;rct;bin;rgs;jpg;jpeg;jpe;png;manifest</Extensions>
    </Filter>
  </ItemGroup>
  <ItemGroup>
    <Image Include="res\nature.ico">
      <Filter>resource</Filter>
    </Image>
    <Image Include="..\Resources\CloseSelected.png">
      <Filter>resource</Filter>
    </Image>
    <Image Include="..\Resources\CloseNormal.png">
      <Filter>resource</Filter>
    </Image>
    <Image Include="..\Resources\HelloWorld.png">
      <Filter>resource</Filter>
    </Image>
  </ItemGroup>
  <ItemGroup>
    <ResourceCompile Include="nature.rc">
      <Filter>resource</Filter>
    </ResourceCompile>
  </ItemGroup>
  <ItemGroup>
    <ClInclude Include="resource.h">
      <Filter>include</Filter>
    </ClInclude>
    <ClInclude Include="main.h">
      <Filter>include</Filter>
    </ClInclude>
    <ClInclude Include="..\Classes\AppDelegate.h">
      <Filter>include</Filter>
    </ClInclude>
    <ClInclude Include="..\Classes\HelloWorldScene.h">
      <Filter>include</Filter>
    </ClInclude>
    <ClInclude Include="..\Classes\DebugDraw.h">
      <Filter>include</Filter>
    </ClInclude>
    <ClInclude Include="PVector.h">
      <Filter>include</Filter>
    </ClInclude>
    <ClInclude Include="Example_1_3.h">
      <Filter>include</Filter>
    </ClInclude>
    <ClInclude Include="Example_1_2.h">
      <Filter>include</Filter>
    </ClInclude>
    <ClInclude Include="Example_1_7.h">
      <Filter>include</Filter>
    </ClInclude>
    <ClInclude Include="Mover.h">
      <Filter>include</Filter>
    </ClInclude>
    <ClInclude Include="Example_1_8.h">
      <Filter>include</Filter>
    </ClInclude>
  </ItemGroup>
  <ItemGroup>
    <ClCompile Include="main.cpp">
      <Filter>source</Filter>
    </ClCompile>
    <ClCompile Include="..\Classes\AppDelegate.cpp">
      <Filter>source</Filter>
    </ClCompile>
    <ClCompile Include="..\Classes\HelloWorldScene.cpp">
      <Filter>source</Filter>
    </ClCompile>
    <ClCompile Include="..\Classes\DebugDraw.cpp">
      <Filter>source</Filter>
    </ClCompile>
    <ClCompile Include="Example_1_3.cpp">
      <Filter>source</Filter>
    </ClCompile>
    <ClCompile Include="Example_1_2.cpp">
      <Filter>source</Filter>
    </ClCompile>
    <ClCompile Include="Example_1_7.cpp">
      <Filter>source</Filter>
    </ClCompile>
    <ClCompile Include="Mover.cpp">
      <Filter>source</Filter>
    </ClCompile>
    <ClCompile Include="Example_1_8.cpp">
      <Filter>source</Filter>
    </ClCompile>
  </ItemGroup>
</Project>